
Microsoft Visual Studio Solution File, Format Version 12.00
# Visual Studio Version 17
VisualStudioVersion = 17.0.31903.59
MinimumVisualStudioVersion = 10.0.40219.1
Project("{2150E333-8FDC-42A3-9474-1A3956D46DE8}") = "src", "src", "{827E0CD3-B72D-47B6-A68D-7590B98EB39B}"
EndProject
Project("{FAE04EC0-301F-11D3-BF4B-00C04F79EFBC}") = "CarbonTC.Auth.Domain", "src\CarbonTC.Auth.Domain\CarbonTC.Auth.Domain.csproj", "{F5D304F7-91FE-4051-9ABA-8B2AEF63DF0E}"
EndProject
Project("{FAE04EC0-301F-11D3-BF4B-00C04F79EFBC}") = "CarbonTC.Auth.Application", "src\CarbonTC.Auth.Application\CarbonTC.Auth.Application.csproj", "{906D726A-577F-40B7-B4CA-409D81C3ED1B}"
EndProject
Project("{FAE04EC0-301F-11D3-BF4B-00C04F79EFBC}") = "CarbonTC.Auth.Infrastructure", "src\CarbonTC.Auth.Infrastructure\CarbonTC.Auth.Infrastructure.csproj", "{CCA84715-D42E-4C42-A3D4-5D7D7BDAA3B6}"
EndProject
Project("{FAE04EC0-301F-11D3-BF4B-00C04F79EFBC}") = "CarbonTC.Auth.Api", "src\CarbonTC.Auth.Api\CarbonTC.Auth.Api.csproj", "{BA836A0B-36EE-4D1C-97DA-94C9A1A5B0AE}"
EndProject
Project("{2150E333-8FDC-42A3-9474-1A3956D46DE8}") = "tests", "tests", "{0AB3BF05-4346-4AA6-1389-037BE0695223}"
EndProject
Project("{FAE04EC0-301F-11D3-BF4B-00C04F79EFBC}") = "CarbonTC.Auth.UnitTests", "tests\CarbonTC.Auth.UnitTests\CarbonTC.Auth.UnitTests.csproj", "{88B64F4E-09C5-4C98-BD69-DB885448D420}"
EndProject
Project("{FAE04EC0-301F-11D3-BF4B-00C04F79EFBC}") = "CarbonTC.Auth.IntegrationTests", "tests\CarbonTC.Auth.IntegrationTests\CarbonTC.Auth.IntegrationTests.csproj", "{D0053D16-B3BB-4535-A67C-153318D98E3C}"
EndProject
Global
	GlobalSection(SolutionConfigurationPlatforms) = preSolution
		Debug|Any CPU = Debug|Any CPU
		Debug|x64 = Debug|x64
		Debug|x86 = Debug|x86
		Release|Any CPU = Release|Any CPU
		Release|x64 = Release|x64
		Release|x86 = Release|x86
	EndGlobalSection
	GlobalSection(ProjectConfigurationPlatforms) = postSolution
		{F5D304F7-91FE-4051-9ABA-8B2AEF63DF0E}.Debug|Any CPU.ActiveCfg = Debug|Any CPU
		{F5D304F7-91FE-4051-9ABA-8B2AEF63DF0E}.Debug|Any CPU.Build.0 = Debug|Any CPU
		{F5D304F7-91FE-4051-9ABA-8B2AEF63DF0E}.Debug|x64.ActiveCfg = Debug|Any CPU
		{F5D304F7-91FE-4051-9ABA-8B2AEF63DF0E}.Debug|x64.Build.0 = Debug|Any CPU
		{F5D304F7-91FE-4051-9ABA-8B2AEF63DF0E}.Debug|x86.ActiveCfg = Debug|Any CPU
		{F5D304F7-91FE-4051-9ABA-8B2AEF63DF0E}.Debug|x86.Build.0 = Debug|Any CPU
		{F5D304F7-91FE-4051-9ABA-8B2AEF63DF0E}.Release|Any CPU.ActiveCfg = Release|Any CPU
		{F5D304F7-91FE-4051-9ABA-8B2AEF63DF0E}.Release|Any CPU.Build.0 = Release|Any CPU
		{F5D304F7-91FE-4051-9ABA-8B2AEF63DF0E}.Release|x64.ActiveCfg = Release|Any CPU
		{F5D304F7-91FE-4051-9ABA-8B2AEF63DF0E}.Release|x64.Build.0 = Release|Any CPU
		{F5D304F7-91FE-4051-9ABA-8B2AEF63DF0E}.Release|x86.ActiveCfg = Release|Any CPU
		{F5D304F7-91FE-4051-9ABA-8B2AEF63DF0E}.Release|x86.Build.0 = Release|Any CPU
		{906D726A-577F-40B7-B4CA-409D81C3ED1B}.Debug|Any CPU.ActiveCfg = Debug|Any CPU
		{906D726A-577F-40B7-B4CA-409D81C3ED1B}.Debug|Any CPU.Build.0 = Debug|Any CPU
		{906D726A-577F-40B7-B4CA-409D81C3ED1B}.Debug|x64.ActiveCfg = Debug|Any CPU
		{906D726A-577F-40B7-B4CA-409D81C3ED1B}.Debug|x64.Build.0 = Debug|Any CPU
		{906D726A-577F-40B7-B4CA-409D81C3ED1B}.Debug|x86.ActiveCfg = Debug|Any CPU
		{906D726A-577F-40B7-B4CA-409D81C3ED1B}.Debug|x86.Build.0 = Debug|Any CPU
		{906D726A-577F-40B7-B4CA-409D81C3ED1B}.Release|Any CPU.ActiveCfg = Release|Any CPU
		{906D726A-577F-40B7-B4CA-409D81C3ED1B}.Release|Any CPU.Build.0 = Release|Any CPU
		{906D726A-577F-40B7-B4CA-409D81C3ED1B}.Release|x64.ActiveCfg = Release|Any CPU
		{906D726A-577F-40B7-B4CA-409D81C3ED1B}.Release|x64.Build.0 = Release|Any CPU
		{906D726A-577F-40B7-B4CA-409D81C3ED1B}.Release|x86.ActiveCfg = Release|Any CPU
		{906D726A-577F-40B7-B4CA-409D81C3ED1B}.Release|x86.Build.0 = Release|Any CPU
		{CCA84715-D42E-4C42-A3D4-5D7D7BDAA3B6}.Debug|Any CPU.ActiveCfg = Debug|Any CPU
		{CCA84715-D42E-4C42-A3D4-5D7D7BDAA3B6}.Debug|Any CPU.Build.0 = Debug|Any CPU
		{CCA84715-D42E-4C42-A3D4-5D7D7BDAA3B6}.Debug|x64.ActiveCfg = Debug|Any CPU
		{CCA84715-D42E-4C42-A3D4-5D7D7BDAA3B6}.Debug|x64.Build.0 = Debug|Any CPU
		{CCA84715-D42E-4C42-A3D4-5D7D7BDAA3B6}.Debug|x86.ActiveCfg = Debug|Any CPU
		{CCA84715-D42E-4C42-A3D4-5D7D7BDAA3B6}.Debug|x86.Build.0 = Debug|Any CPU
		{CCA84715-D42E-4C42-A3D4-5D7D7BDAA3B6}.Release|Any CPU.ActiveCfg = Release|Any CPU
		{CCA84715-D42E-4C42-A3D4-5D7D7BDAA3B6}.Release|Any CPU.Build.0 = Release|Any CPU
		{CCA84715-D42E-4C42-A3D4-5D7D7BDAA3B6}.Release|x64.ActiveCfg = Release|Any CPU
		{CCA84715-D42E-4C42-A3D4-5D7D7BDAA3B6}.Release|x64.Build.0 = Release|Any CPU
		{CCA84715-D42E-4C42-A3D4-5D7D7BDAA3B6}.Release|x86.ActiveCfg = Release|Any CPU
		{CCA84715-D42E-4C42-A3D4-5D7D7BDAA3B6}.Release|x86.Build.0 = Release|Any CPU
		{BA836A0B-36EE-4D1C-97DA-94C9A1A5B0AE}.Debug|Any CPU.ActiveCfg = Debug|Any CPU
		{BA836A0B-36EE-4D1C-97DA-94C9A1A5B0AE}.Debug|Any CPU.Build.0 = Debug|Any CPU
		{BA836A0B-36EE-4D1C-97DA-94C9A1A5B0AE}.Debug|x64.ActiveCfg = Debug|Any CPU
		{BA836A0B-36EE-4D1C-97DA-94C9A1A5B0AE}.Debug|x64.Build.0 = Debug|Any CPU
		{BA836A0B-36EE-4D1C-97DA-94C9A1A5B0AE}.Debug|x86.ActiveCfg = Debug|Any CPU
		{BA836A0B-36EE-4D1C-97DA-94C9A1A5B0AE}.Debug|x86.Build.0 = Debug|Any CPU
		{BA836A0B-36EE-4D1C-97DA-94C9A1A5B0AE}.Release|Any CPU.ActiveCfg = Release|Any CPU
		{BA836A0B-36EE-4D1C-97DA-94C9A1A5B0AE}.Release|Any CPU.Build.0 = Release|Any CPU
		{BA836A0B-36EE-4D1C-97DA-94C9A1A5B0AE}.Release|x64.ActiveCfg = Release|Any CPU
		{BA836A0B-36EE-4D1C-97DA-94C9A1A5B0AE}.Release|x64.Build.0 = Release|Any CPU
		{BA836A0B-36EE-4D1C-97DA-94C9A1A5B0AE}.Release|x86.ActiveCfg = Release|Any CPU
		{BA836A0B-36EE-4D1C-97DA-94C9A1A5B0AE}.Release|x86.Build.0 = Release|Any CPU
		{88B64F4E-09C5-4C98-BD69-DB885448D420}.Debug|Any CPU.ActiveCfg = Debug|Any CPU
		{88B64F4E-09C5-4C98-BD69-DB885448D420}.Debug|Any CPU.Build.0 = Debug|Any CPU
		{88B64F4E-09C5-4C98-BD69-DB885448D420}.Debug|x64.ActiveCfg = Debug|Any CPU
		{88B64F4E-09C5-4C98-BD69-DB885448D420}.Debug|x64.Build.0 = Debug|Any CPU
		{88B64F4E-09C5-4C98-BD69-DB885448D420}.Debug|x86.ActiveCfg = Debug|Any CPU
		{88B64F4E-09C5-4C98-BD69-DB885448D420}.Debug|x86.Build.0 = Debug|Any CPU
		{88B64F4E-09C5-4C98-BD69-DB885448D420}.Release|Any CPU.ActiveCfg = Release|Any CPU
		{88B64F4E-09C5-4C98-BD69-DB885448D420}.Release|Any CPU.Build.0 = Release|Any CPU
		{88B64F4E-09C5-4C98-BD69-DB885448D420}.Release|x64.ActiveCfg = Release|Any CPU
		{88B64F4E-09C5-4C98-BD69-DB885448D420}.Release|x64.Build.0 = Release|Any CPU
		{88B64F4E-09C5-4C98-BD69-DB885448D420}.Release|x86.ActiveCfg = Release|Any CPU
		{88B64F4E-09C5-4C98-BD69-DB885448D420}.Release|x86.Build.0 = Release|Any CPU
		{D0053D16-B3BB-4535-A67C-153318D98E3C}.Debug|Any CPU.ActiveCfg = Debug|Any CPU
		{D0053D16-B3BB-4535-A67C-153318D98E3C}.Debug|Any CPU.Build.0 = Debug|Any CPU
		{D0053D16-B3BB-4535-A67C-153318D98E3C}.Debug|x64.ActiveCfg = Debug|Any CPU
		{D0053D16-B3BB-4535-A67C-153318D98E3C}.Debug|x64.Build.0 = Debug|Any CPU
		{D0053D16-B3BB-4535-A67C-153318D98E3C}.Debug|x86.ActiveCfg = Debug|Any CPU
		{D0053D16-B3BB-4535-A67C-153318D98E3C}.Debug|x86.Build.0 = Debug|Any CPU
		{D0053D16-B3BB-4535-A67C-153318D98E3C}.Release|Any CPU.ActiveCfg = Release|Any CPU
		{D0053D16-B3BB-4535-A67C-153318D98E3C}.Release|Any CPU.Build.0 = Release|Any CPU
		{D0053D16-B3BB-4535-A67C-153318D98E3C}.Release|x64.ActiveCfg = Release|Any CPU
		{D0053D16-B3BB-4535-A67C-153318D98E3C}.Release|x64.Build.0 = Release|Any CPU
		{D0053D16-B3BB-4535-A67C-153318D98E3C}.Release|x86.ActiveCfg = Release|Any CPU
		{D0053D16-B3BB-4535-A67C-153318D98E3C}.Release|x86.Build.0 = Release|Any CPU
	EndGlobalSection
	GlobalSection(SolutionProperties) = preSolution
		HideSolutionNode = FALSE
	EndGlobalSection
	GlobalSection(NestedProjects) = preSolution
		{F5D304F7-91FE-4051-9ABA-8B2AEF63DF0E} = {827E0CD3-B72D-47B6-A68D-7590B98EB39B}
		{906D726A-577F-40B7-B4CA-409D81C3ED1B} = {827E0CD3-B72D-47B6-A68D-7590B98EB39B}
		{CCA84715-D42E-4C42-A3D4-5D7D7BDAA3B6} = {827E0CD3-B72D-47B6-A68D-7590B98EB39B}
		{BA836A0B-36EE-4D1C-97DA-94C9A1A5B0AE} = {827E0CD3-B72D-47B6-A68D-7590B98EB39B}
		{88B64F4E-09C5-4C98-BD69-DB885448D420} = {0AB3BF05-4346-4AA6-1389-037BE0695223}
		{D0053D16-B3BB-4535-A67C-153318D98E3C} = {0AB3BF05-4346-4AA6-1389-037BE0695223}
	EndGlobalSection
EndGlobal
