
Microsoft Visual Studio Solution File, Format Version 12.00
# Visual Studio Version 17
VisualStudioVersion = 17.14.36408.4
MinimumVisualStudioVersion = 10.0.40219.1
Project("{FAE04EC0-301F-11D3-BF4B-00C04F79EFBC}") = "CarbonTC.API", "CarbonTC.API\CarbonTC.API.csproj", "{B3F80DA9-58E8-4C53-A715-3B68B8349F0A}"
EndProject
Project("{FAE04EC0-301F-11D3-BF4B-00C04F79EFBC}") = "Domain", "Domain\Domain.csproj", "{C060B58B-C928-43EA-AC3C-A8D87D2CC021}"
EndProject
Project("{FAE04EC0-301F-11D3-BF4B-00C04F79EFBC}") = "Application", "Application\Application.csproj", "{5D1AA36A-5658-4084-B8BA-DC85B0505B75}"
EndProject
Project("{FAE04EC0-301F-11D3-BF4B-00C04F79EFBC}") = "Infrastructure", "Infrastructure\Infrastructure.csproj", "{9DAFD6AD-947B-4DF1-A7C5-2C8701E16F98}"
EndProject
Project("{FAE04EC0-301F-11D3-BF4B-00C04F79EFBC}") = "SharedLibrary", "..\CarbonTC.SharedLibrary\SharedLibrary\SharedLibrary.csproj", "{59E92F0A-E797-BA9F-D42A-699AF5C676F4}"
EndProject
Global
	GlobalSection(SolutionConfigurationPlatforms) = preSolution
		Debug|Any CPU = Debug|Any CPU
		Release|Any CPU = Release|Any CPU
	EndGlobalSection
	GlobalSection(ProjectConfigurationPlatforms) = postSolution
		{B3F80DA9-58E8-4C53-A715-3B68B8349F0A}.Debug|Any CPU.ActiveCfg = Debug|Any CPU
		{B3F80DA9-58E8-4C53-A715-3B68B8349F0A}.Debug|Any CPU.Build.0 = Debug|Any CPU
		{B3F80DA9-58E8-4C53-A715-3B68B8349F0A}.Release|Any CPU.ActiveCfg = Release|Any CPU
		{B3F80DA9-58E8-4C53-A715-3B68B8349F0A}.Release|Any CPU.Build.0 = Release|Any CPU
		{C060B58B-C928-43EA-AC3C-A8D87D2CC021}.Debug|Any CPU.ActiveCfg = Debug|Any CPU
		{C060B58B-C928-43EA-AC3C-A8D87D2CC021}.Debug|Any CPU.Build.0 = Debug|Any CPU
		{C060B58B-C928-43EA-AC3C-A8D87D2CC021}.Release|Any CPU.ActiveCfg = Release|Any CPU
		{C060B58B-C928-43EA-AC3C-A8D87D2CC021}.Release|Any CPU.Build.0 = Release|Any CPU
		{5D1AA36A-5658-4084-B8BA-DC85B0505B75}.Debug|Any CPU.ActiveCfg = Debug|Any CPU
		{5D1AA36A-5658-4084-B8BA-DC85B0505B75}.Debug|Any CPU.Build.0 = Debug|Any CPU
		{5D1AA36A-5658-4084-B8BA-DC85B0505B75}.Release|Any CPU.ActiveCfg = Release|Any CPU
		{5D1AA36A-5658-4084-B8BA-DC85B0505B75}.Release|Any CPU.Build.0 = Release|Any CPU
		{9DAFD6AD-947B-4DF1-A7C5-2C8701E16F98}.Debug|Any CPU.ActiveCfg = Debug|Any CPU
		{9DAFD6AD-947B-4DF1-A7C5-2C8701E16F98}.Debug|Any CPU.Build.0 = Debug|Any CPU
		{9DAFD6AD-947B-4DF1-A7C5-2C8701E16F98}.Release|Any CPU.ActiveCfg = Release|Any CPU
		{9DAFD6AD-947B-4DF1-A7C5-2C8701E16F98}.Release|Any CPU.Build.0 = Release|Any CPU
		{59E92F0A-E797-BA9F-D42A-699AF5C676F4}.Debug|Any CPU.ActiveCfg = Debug|Any CPU
		{59E92F0A-E797-BA9F-D42A-699AF5C676F4}.Debug|Any CPU.Build.0 = Debug|Any CPU
		{59E92F0A-E797-BA9F-D42A-699AF5C676F4}.Release|Any CPU.ActiveCfg = Release|Any CPU
		{59E92F0A-E797-BA9F-D42A-699AF5C676F4}.Release|Any CPU.Build.0 = Release|Any CPU
	EndGlobalSection
	GlobalSection(SolutionProperties) = preSolution
		HideSolutionNode = FALSE
	EndGlobalSection
	GlobalSection(ExtensibilityGlobals) = postSolution
		SolutionGuid = {C0E45823-34B7-4A8F-ABEA-EEFF4F3EF852}
	EndGlobalSection
EndGlobal
