
Microsoft Visual Studio Solution File, Format Version 12.00
# Visual Studio Version 17
VisualStudioVersion = 17.14.36408.4 d17.14
MinimumVisualStudioVersion = 10.0.40219.1
Project("{FAE04EC0-301F-11D3-BF4B-00C04F79EFBC}") = "SharedLibrary", "SharedLibrary\SharedLibrary.csproj", "{99022553-73BD-4A2B-B023-6F51C30A85DF}"
EndProject
Global
	GlobalSection(SolutionConfigurationPlatforms) = preSolution
		Debug|Any CPU = Debug|Any CPU
		Release|Any CPU = Release|Any CPU
	EndGlobalSection
	GlobalSection(ProjectConfigurationPlatforms) = postSolution
		{99022553-73BD-4A2B-B023-6F51C30A85DF}.Debug|Any CPU.ActiveCfg = Debug|Any CPU
		{99022553-73BD-4A2B-B023-6F51C30A85DF}.Debug|Any CPU.Build.0 = Debug|Any CPU
		{99022553-73BD-4A2B-B023-6F51C30A85DF}.Release|Any CPU.ActiveCfg = Release|Any CPU
		{99022553-73BD-4A2B-B023-6F51C30A85DF}.Release|Any CPU.Build.0 = Release|Any CPU
	EndGlobalSection
	GlobalSection(SolutionProperties) = preSolution
		HideSolutionNode = FALSE
	EndGlobalSection
	GlobalSection(ExtensibilityGlobals) = postSolution
		SolutionGuid = {194CD8AC-28E1-4EC2-868B-1E5E3694ABC6}
	EndGlobalSection
EndGlobal
